// !$*UTF8*$!
{
	archiveVersion = 1;
	classes = {
	};
	objectVersion = 46;
	objects = {

/* Begin PBXBuildFile section */
		B147704913D5EC1C003921F0 /* main.c in Sources */ = {isa = PBXBuildFile; fileRef = B147704813D5EC1C003921F0 /* main.c */; };
/* End PBXBuildFile section */

/* Begin PBXCopyFilesBuildPhase section */
		B147704213D5EC1B003921F0 /* CopyFiles */ = {
			isa = PBXCopyFilesBuildPhase;
			buildActionMask = 2147483647;
			dstPath = /usr/share/man/man1/;
			dstSubfolderSpec = 0;
			files = (
			);
			runOnlyForDeploymentPostprocessing = 1;
		};
/* End PBXCopyFilesBuildPhase section */

/* Begin PBXFileReference section */
		B147704413D5EC1B003921F0 /* CarTracker */ = {isa = PBXFileReference; explicitFileType = "compiled.mach-o.executable"; includeInIndex = 0; path = CarTracker; sourceTree = BUILT_PRODUCTS_DIR; };
		B147704813D5EC1C003921F0 /* main.c */ = {isa = PBXFileReference; lastKnownFileType = sourcecode.c.c; path = main.c; sourceTree = "<group>"; };
		B147704A13D5EC1C003921F0 /* CarTracker.1 */ = {isa = PBXFileReference; lastKnownFileType = text.man; path = CarTracker.1; sourceTree = "<group>"; };
/* End PBXFileReference section */

/* Begin PBXFrameworksBuildPhase section */
		B147704113D5EC1B003921F0 /* Frameworks */ = {
			isa = PBXFrameworksBuildPhase;
			buildActionMask = 2147483647;
			files = (
			);
			runOnlyForDeploymentPostprocessing = 0;
		};
/* End PBXFrameworksBuildPhase section */

/* Begin PBXGroup section */
		B147703913D5EC1A003921F0 = {
			isa = PBXGroup;
			children = (
				B147704713D5EC1B003921F0 /* CarTracker */,
				B147704513D5EC1B003921F0 /* Products */,
			);
			sourceTree = "<group>";
		};
		B147704513D5EC1B003921F0 /* Products */ = {
			isa = PBXGroup;
			children = (
				B147704413D5EC1B003921F0 /* CarTracker */,
			);
			name = Products;
			sourceTree = "<group>";
		};
		B147704713D5EC1B003921F0 /* CarTracker */ = {
			isa = PBXGroup;
			children = (
				B147704813D5EC1C003921F0 /* main.c */,
				B147704A13D5EC1C003921F0 /* CarTracker.1 */,
			);
			path = CarTracker;
			sourceTree = "<group>";
		};
/* End PBXGroup section */

/* Begin PBXNativeTarget section */
		B147704313D5EC1B003921F0 /* CarTracker */ = {
			isa = PBXNativeTarget;
			buildConfigurationList = B147704D13D5EC1C003921F0 /* Build configuration list for PBXNativeTarget "CarTracker" */;
			buildPhases = (
				B147704013D5EC1B003921F0 /* Sources */,
				B147704113D5EC1B003921F0 /* Frameworks */,
				B147704213D5EC1B003921F0 /* CopyFiles */,
			);
			buildRules = (
			);
			dependencies = (
			);
			name = CarTracker;
			productName = CarTracker;
			productReference = B147704413D5EC1B003921F0 /* CarTracker */;
			productType = "com.apple.product-type.tool";
		};
/* End PBXNativeTarget section */

/* Begin PBXProject section */
		B147703B13D5EC1A003921F0 /* Project object */ = {
			isa = PBXProject;
			buildConfigurationList = B147703E13D5EC1A003921F0 /* Build configuration list for PBXProject "CarTracker" */;
			compatibilityVersion = "Xcode 3.2";
			developmentRegion = English;
			hasScannedForEncodings = 0;
			knownRegions = (
				en,
			);
			mainGroup = B147703913D5EC1A003921F0;
			productRefGroup = B147704513D5EC1B003921F0 /* Products */;
			projectDirPath = "";
			projectRoot = "";
			targets = (
				B147704313D5EC1B003921F0 /* CarTracker */,
			);
		};
/* End PBXProject section */

/* Begin PBXSourcesBuildPhase section */
		B147704013D5EC1B003921F0 /* Sources */ = {
			isa = PBXSourcesBuildPhase;
			buildActionMask = 2147483647;
			files = (
				B147704913D5EC1C003921F0 /* main.c in Sources */,
			);
			runOnlyForDeploymentPostprocessing = 0;
		};
/* End PBXSourcesBuildPhase section */

/* Begin XCBuildConfiguration section */
		B147704B13D5EC1C003921F0 /* Debug */ = {
			isa = XCBuildConfiguration;
			buildSettings = {
				ARCHS = "$(ARCHS_STANDARD_32_64_BIT)";
				GCC_C_LANGUAGE_STANDARD = gnu99;
				GCC_OPTIMIZATION_LEVEL = 0;
				GCC_PREPROCESSOR_DEFINITIONS = DEBUG;
				GCC_SYMBOLS_PRIVATE_EXTERN = NO;
				GCC_VERSION = com.apple.compilers.llvm.clang.1_0;
				GCC_WARN_64_TO_32_BIT_CONVERSION = YES;
				GCC_WARN_ABOUT_RETURN_TYPE = YES;
				GCC_WARN_UNUSED_VARIABLE = YES;
				MACOSX_DEPLOYMENT_TARGET = 10.6;
				ONLY_ACTIVE_ARCH = YES;
				SDKROOT = macosx;
			};
			name = Debug;
		};
		B147704C13D5EC1C003921F0 /* Release */ = {
			isa = XCBuildConfiguration;
			buildSettings = {
				ARCHS = "$(ARCHS_STANDARD_32_64_BIT)";
				GCC_C_LANGUAGE_STANDARD = gnu99;
				GCC_VERSION = com.apple.compilers.llvm.clang.1_0;
				GCC_WARN_64_TO_32_BIT_CONVERSION = YES;
				GCC_WARN_ABOUT_RETURN_TYPE = YES;
				GCC_WARN_UNUSED_VARIABLE = YES;
				MACOSX_DEPLOYMENT_TARGET = 10.6;
				SDKROOT = macosx;
			};
			name = Release;
		};
		B147704E13D5EC1C003921F0 /* Debug */ = {
			isa = XCBuildConfiguration;
			buildSettings = {
				ALWAYS_SEARCH_USER_PATHS = NO;
				COPY_PHASE_STRIP = NO;
				GCC_DYNAMIC_NO_PIC = NO;
				GCC_ENABLE_OBJC_EXCEPTIONS = YES;
				PRODUCT_NAME = "$(TARGET_NAME)";
			};
			name = Debug;
		};
		B147704F13D5EC1C003921F0 /* Release */ = {
			isa = XCBuildConfiguration;
			buildSettings = {
				ALWAYS_SEARCH_USER_PATHS = NO;
				COPY_PHASE_STRIP = YES;
				DEBUG_INFORMATION_FORMAT = "dwarf-with-dsym";
				GCC_ENABLE_OBJC_EXCEPTIONS = YES;
				PRODUCT_NAME = "$(TARGET_NAME)";
			};
			name = Release;
		};
/* End XCBuildConfiguration section */

/* Begin XCConfigurationList section */
		B147703E13D5EC1A003921F0 /* Build configuration list for PBXProject "CarTracker" */ = {
			isa = XCConfigurationList;
			buildConfigurations = (
				B147704B13D5EC1C003921F0 /* Debug */,
				B147704C13D5EC1C003921F0 /* Release */,
			);
			defaultConfigurationIsVisible = 0;
			defaultConfigurationName = Release;
		};
		B147704D13D5EC1C003921F0 /* Build configuration list for PBXNativeTarget "CarTracker" */ = {
			isa = XCConfigurationList;
			buildConfigurations = (
				B147704E13D5EC1C003921F0 /* Debug */,
				B147704F13D5EC1C003921F0 /* Release */,
			);
			defaultConfigurationIsVisible = 0;
		};
/* End XCConfigurationList section */
	};
	rootObject = B147703B13D5EC1A003921F0 /* Project object */;
}
